
Microsoft Visual Studio Solution File, Format Version 12.00
# Visual Studio Version 17
VisualStudioVersion = 17.14.36518.9
MinimumVisualStudioVersion = 10.0.40219.1
Project("{FAE04EC0-301F-11D3-BF4B-00C04F79EFBC}") = "DemoApp", "DemoApp\DemoApp.csproj", "{594B9428-5B0E-4E8C-A69F-DB535D25541B}"
EndProject
Global
	GlobalSection(SolutionConfigurationPlatforms) = preSolution
		Debug|Any CPU = Debug|Any CPU
		Release|Any CPU = Release|Any CPU
	EndGlobalSection
	GlobalSection(ProjectConfigurationPlatforms) = postSolution
		{594B9428-5B0E-4E8C-A69F-DB535D25541B}.Debug|Any CPU.ActiveCfg = Debug|Any CPU
		{594B9428-5B0E-4E8C-A69F-DB535D25541B}.Debug|Any CPU.Build.0 = Debug|Any CPU
		{594B9428-5B0E-4E8C-A69F-DB535D25541B}.Release|Any CPU.ActiveCfg = Release|Any CPU
		{594B9428-5B0E-4E8C-A69F-DB535D25541B}.Release|Any CPU.Build.0 = Release|Any CPU
	EndGlobalSection
	GlobalSection(SolutionProperties) = preSolution
		HideSolutionNode = FALSE
	EndGlobalSection
	GlobalSection(ExtensibilityGlobals) = postSolution
		SolutionGuid = {921AB51C-465F-491C-859A-698580E026D4}
	EndGlobalSection
EndGlobal
