
Microsoft Visual Studio Solution File, Format Version 12.00
# Visual Studio Version 17
VisualStudioVersion = 17.14.36518.9 d17.14
MinimumVisualStudioVersion = 10.0.40219.1
Project("{FAE04EC0-301F-11D3-BF4B-00C04F79EFBC}") = "KlingelnbergService", "KlingelnbergService.Console\KlingelnbergService.csproj", "{153B908D-2F1D-45CC-A365-8AFD6227C50B}"
EndProject
Global
	GlobalSection(SolutionConfigurationPlatforms) = preSolution
		Debug|Any CPU = Debug|Any CPU
		Release|Any CPU = Release|Any CPU
	EndGlobalSection
	GlobalSection(ProjectConfigurationPlatforms) = postSolution
		{153B908D-2F1D-45CC-A365-8AFD6227C50B}.Debug|Any CPU.ActiveCfg = Debug|Any CPU
		{153B908D-2F1D-45CC-A365-8AFD6227C50B}.Debug|Any CPU.Build.0 = Debug|Any CPU
		{153B908D-2F1D-45CC-A365-8AFD6227C50B}.Release|Any CPU.ActiveCfg = Release|Any CPU
		{153B908D-2F1D-45CC-A365-8AFD6227C50B}.Release|Any CPU.Build.0 = Release|Any CPU
	EndGlobalSection
	GlobalSection(SolutionProperties) = preSolution
		HideSolutionNode = FALSE
	EndGlobalSection
	GlobalSection(ExtensibilityGlobals) = postSolution
		SolutionGuid = {B14B5A55-A7CA-47BD-9B6D-65731041AFB5}
	EndGlobalSection
EndGlobal
